{
  "name": "dns_server",
  "version": "1.0.0",
  "lockfileVersion": 1,
  "requires": true,
  "dependencies": {
    "edit-dns": {
      "version": "1.1.4",
      "resolved": "https://registry.npmjs.org/edit-dns/-/edit-dns-1.1.4.tgz",
      "integrity": "sha512-7sBzd7HG47hpxD9ZACxq8sg9SbyJwqTSQLDma+uGcNBcBqEc4hW/9vcCNKYuPlkVGbq9Mg1DBpA5BsY/ChrVMw==",
      "requires": {
        "exec-root": "1.0.5"
      }
    },
    "exec-root": {
      "version": "1.0.5",
      "resolved": "https://registry.npmjs.org/exec-root/-/exec-root-1.0.5.tgz",
      "integrity": "sha512-ANGf2KmvPUaTinzvDsBrovNr320+toD6vENTA//NCvs6S+Ui2HRljlgowsT/h0nc56/GVfwWwnboZI7oeXJnCg=="
    }
  }
}
