{
  "name": "dns_server",
  "version": "1.0.0",
  "lockfileVersion": 1,
  "requires": true,
  "dependencies": {
    "edit-dns": {
      "version": "1.1.9",
      "resolved": "https://registry.npmjs.org/edit-dns/-/edit-dns-1.1.9.tgz",
      "integrity": "sha512-Cn8NIXzXwFlN94+N2iYuo+X77Rl1loXQVakwtyOw3sD1mgTjVHvIW3n8R4ARg7DifyniXERHmYm7kFCr1dd7IA==",
      "requires": {
        "exec-root": "1.0.5"
      }
    },
    "exec-root": {
      "version": "1.0.5",
      "resolved": "https://registry.npmjs.org/exec-root/-/exec-root-1.0.5.tgz",
      "integrity": "sha512-ANGf2KmvPUaTinzvDsBrovNr320+toD6vENTA//NCvs6S+Ui2HRljlgowsT/h0nc56/GVfwWwnboZI7oeXJnCg=="
    }
  }
}
